
Microsoft Visual Studio Solution File, Format Version 12.00
# Visual Studio 15
VisualStudioVersion = 15.0.28010.2036
MinimumVisualStudioVersion = 10.0.40219.1
Project("{FAE04EC0-301F-11D3-BF4B-00C04F79EFBC}") = "PlaySound", "PlaySound\PlaySound.csproj", "{C192AAE3-CDDE-4E1D-9B74-B209E8A4FBD3}"
EndProject
Global
	GlobalSection(SolutionConfigurationPlatforms) = preSolution
		Debug|Any CPU = Debug|Any CPU
		Release|Any CPU = Release|Any CPU
	EndGlobalSection
	GlobalSection(ProjectConfigurationPlatforms) = postSolution
		{C192AAE3-CDDE-4E1D-9B74-B209E8A4FBD3}.Debug|Any CPU.ActiveCfg = Debug|Any CPU
		{C192AAE3-CDDE-4E1D-9B74-B209E8A4FBD3}.Debug|Any CPU.Build.0 = Debug|Any CPU
		{C192AAE3-CDDE-4E1D-9B74-B209E8A4FBD3}.Release|Any CPU.ActiveCfg = Release|Any CPU
		{C192AAE3-CDDE-4E1D-9B74-B209E8A4FBD3}.Release|Any CPU.Build.0 = Release|Any CPU
	EndGlobalSection
	GlobalSection(SolutionProperties) = preSolution
		HideSolutionNode = FALSE
	EndGlobalSection
	GlobalSection(ExtensibilityGlobals) = postSolution
		SolutionGuid = {D47945A5-6755-415B-8C18-8B59EB916775}
	EndGlobalSection
EndGlobal
